
Microsoft Visual Studio Solution File, Format Version 12.00
# Visual Studio Version 17
VisualStudioVersion = 17.0.31903.59
MinimumVisualStudioVersion = 10.0.40219.1
Project("{FAE04EC0-301F-11D3-BF4B-00C04F79EFBC}") = "Content.Api", "Content.Api\Content.Api.csproj", "{1CDE080C-8121-4BBC-819E-1630FEC0DA7E}"
EndProject
Project("{FAE04EC0-301F-11D3-BF4B-00C04F79EFBC}") = "Content.ApiGateway", "Content.ApiGateway\Content.ApiGateway.csproj", "{D0233FA9-E436-42B5-83FE-649CD669CC1C}"
EndProject
Global
	GlobalSection(SolutionConfigurationPlatforms) = preSolution
		Debug|Any CPU = Debug|Any CPU
		Release|Any CPU = Release|Any CPU
	EndGlobalSection
	GlobalSection(SolutionProperties) = preSolution
		HideSolutionNode = FALSE
	EndGlobalSection
	GlobalSection(ProjectConfigurationPlatforms) = postSolution
		{1CDE080C-8121-4BBC-819E-1630FEC0DA7E}.Debug|Any CPU.ActiveCfg = Debug|Any CPU
		{1CDE080C-8121-4BBC-819E-1630FEC0DA7E}.Debug|Any CPU.Build.0 = Debug|Any CPU
		{1CDE080C-8121-4BBC-819E-1630FEC0DA7E}.Release|Any CPU.ActiveCfg = Release|Any CPU
		{1CDE080C-8121-4BBC-819E-1630FEC0DA7E}.Release|Any CPU.Build.0 = Release|Any CPU
		{D0233FA9-E436-42B5-83FE-649CD669CC1C}.Debug|Any CPU.ActiveCfg = Debug|Any CPU
		{D0233FA9-E436-42B5-83FE-649CD669CC1C}.Debug|Any CPU.Build.0 = Debug|Any CPU
		{D0233FA9-E436-42B5-83FE-649CD669CC1C}.Release|Any CPU.ActiveCfg = Release|Any CPU
		{D0233FA9-E436-42B5-83FE-649CD669CC1C}.Release|Any CPU.Build.0 = Release|Any CPU
	EndGlobalSection
EndGlobal
